// !$*UTF8*$!
{
	archiveVersion = 1;
	classes = {
	};
	objectVersion = 46;
	objects = {

/* Begin PBXBuildFile section */
		EF5463321AAD9040004025BB /* AppDelegate.swift in Sources */ = {isa = PBXBuildFile; fileRef = EF5463311AAD9040004025BB /* AppDelegate.swift */; };
		EF5463341AAD9040004025BB /* ViewController.swift in Sources */ = {isa = PBXBuildFile; fileRef = EF5463331AAD9040004025BB /* ViewController.swift */; };
		EF5463371AAD9040004025BB /* Main.storyboard in Resources */ = {isa = PBXBuildFile; fileRef = EF5463351AAD9040004025BB /* Main.storyboard */; };
		EF5463391AAD9040004025BB /* Images.xcassets in Resources */ = {isa = PBXBuildFile; fileRef = EF5463381AAD9040004025BB /* Images.xcassets */; };
		EF54633C1AAD9040004025BB /* LaunchScreen.xib in Resources */ = {isa = PBXBuildFile; fileRef = EF54633A1AAD9040004025BB /* LaunchScreen.xib */; };
		EF5463481AAD9040004025BB /* NPSegmentedControlTests.swift in Sources */ = {isa = PBXBuildFile; fileRef = EF5463471AAD9040004025BB /* NPSegmentedControlTests.swift */; };
		EF5463561AAD91D1004025BB /* NPSegmentedControl.swift in Sources */ = {isa = PBXBuildFile; fileRef = EF5463551AAD91D1004025BB /* NPSegmentedControl.swift */; };
		EF54635B1AAD952F004025BB /* README.md in Sources */ = {isa = PBXBuildFile; fileRef = EF5463571AAD952F004025BB /* README.md */; };
/* End PBXBuildFile section */

/* Begin PBXContainerItemProxy section */
		EF5463421AAD9040004025BB /* PBXContainerItemProxy */ = {
			isa = PBXContainerItemProxy;
			containerPortal = EF5463241AAD9040004025BB /* Project object */;
			proxyType = 1;
			remoteGlobalIDString = EF54632B1AAD9040004025BB;
			remoteInfo = NPSegmentedControl;
		};
/* End PBXContainerItemProxy section */

/* Begin PBXFileReference section */
		EF54632C1AAD9040004025BB /* NPSegmentedControl.app */ = {isa = PBXFileReference; explicitFileType = wrapper.application; includeInIndex = 0; path = NPSegmentedControl.app; sourceTree = BUILT_PRODUCTS_DIR; };
		EF5463301AAD9040004025BB /* Info.plist */ = {isa = PBXFileReference; lastKnownFileType = text.plist.xml; path = Info.plist; sourceTree = "<group>"; };
		EF5463311AAD9040004025BB /* AppDelegate.swift */ = {isa = PBXFileReference; lastKnownFileType = sourcecode.swift; path = AppDelegate.swift; sourceTree = "<group>"; };
		EF5463331AAD9040004025BB /* ViewController.swift */ = {isa = PBXFileReference; lastKnownFileType = sourcecode.swift; path = ViewController.swift; sourceTree = "<group>"; };
		EF5463361AAD9040004025BB /* Base */ = {isa = PBXFileReference; lastKnownFileType = file.storyboard; name = Base; path = Base.lproj/Main.storyboard; sourceTree = "<group>"; };
		EF5463381AAD9040004025BB /* Images.xcassets */ = {isa = PBXFileReference; lastKnownFileType = folder.assetcatalog; path = Images.xcassets; sourceTree = "<group>"; };
		EF54633B1AAD9040004025BB /* Base */ = {isa = PBXFileReference; lastKnownFileType = file.xib; name = Base; path = Base.lproj/LaunchScreen.xib; sourceTree = "<group>"; };
		EF5463411AAD9040004025BB /* NPSegmentedControlTests.xctest */ = {isa = PBXFileReference; explicitFileType = wrapper.cfbundle; includeInIndex = 0; path = NPSegmentedControlTests.xctest; sourceTree = BUILT_PRODUCTS_DIR; };
		EF5463461AAD9040004025BB /* Info.plist */ = {isa = PBXFileReference; lastKnownFileType = text.plist.xml; path = Info.plist; sourceTree = "<group>"; };
		EF5463471AAD9040004025BB /* NPSegmentedControlTests.swift */ = {isa = PBXFileReference; lastKnownFileType = sourcecode.swift; path = NPSegmentedControlTests.swift; sourceTree = "<group>"; };
		EF5463551AAD91D1004025BB /* NPSegmentedControl.swift */ = {isa = PBXFileReference; fileEncoding = 4; lastKnownFileType = sourcecode.swift; path = NPSegmentedControl.swift; sourceTree = "<group>"; };
		EF5463571AAD952F004025BB /* README.md */ = {isa = PBXFileReference; fileEncoding = 4; lastKnownFileType = net.daringfireball.markdown; path = README.md; sourceTree = "<group>"; };
/* End PBXFileReference section */

/* Begin PBXFrameworksBuildPhase section */
		EF5463291AAD9040004025BB /* Frameworks */ = {
			isa = PBXFrameworksBuildPhase;
			buildActionMask = 2147483647;
			files = (
			);
			runOnlyForDeploymentPostprocessing = 0;
		};
		EF54633E1AAD9040004025BB /* Frameworks */ = {
			isa = PBXFrameworksBuildPhase;
			buildActionMask = 2147483647;
			files = (
			);
			runOnlyForDeploymentPostprocessing = 0;
		};
/* End PBXFrameworksBuildPhase section */

/* Begin PBXGroup section */
		EF5463231AAD9040004025BB = {
			isa = PBXGroup;
			children = (
				EF5463571AAD952F004025BB /* README.md */,
				EF54632E1AAD9040004025BB /* NPSegmentedControl */,
				EF5463441AAD9040004025BB /* NPSegmentedControlTests */,
				EF54632D1AAD9040004025BB /* Products */,
			);
			sourceTree = "<group>";
		};
		EF54632D1AAD9040004025BB /* Products */ = {
			isa = PBXGroup;
			children = (
				EF54632C1AAD9040004025BB /* NPSegmentedControl.app */,
				EF5463411AAD9040004025BB /* NPSegmentedControlTests.xctest */,
			);
			name = Products;
			sourceTree = "<group>";
		};
		EF54632E1AAD9040004025BB /* NPSegmentedControl */ = {
			isa = PBXGroup;
			children = (
				EF5463511AAD91AF004025BB /* Classes */,
				EF5463311AAD9040004025BB /* AppDelegate.swift */,
				EF5463331AAD9040004025BB /* ViewController.swift */,
				EF5463351AAD9040004025BB /* Main.storyboard */,
				EF5463381AAD9040004025BB /* Images.xcassets */,
				EF54633A1AAD9040004025BB /* LaunchScreen.xib */,
				EF54632F1AAD9040004025BB /* Supporting Files */,
			);
			path = NPSegmentedControl;
			sourceTree = "<group>";
		};
		EF54632F1AAD9040004025BB /* Supporting Files */ = {
			isa = PBXGroup;
			children = (
				EF5463301AAD9040004025BB /* Info.plist */,
			);
			name = "Supporting Files";
			sourceTree = "<group>";
		};
		EF5463441AAD9040004025BB /* NPSegmentedControlTests */ = {
			isa = PBXGroup;
			children = (
				EF5463471AAD9040004025BB /* NPSegmentedControlTests.swift */,
				EF5463451AAD9040004025BB /* Supporting Files */,
			);
			path = NPSegmentedControlTests;
			sourceTree = "<group>";
		};
		EF5463451AAD9040004025BB /* Supporting Files */ = {
			isa = PBXGroup;
			children = (
				EF5463461AAD9040004025BB /* Info.plist */,
			);
			name = "Supporting Files";
			sourceTree = "<group>";
		};
		EF5463511AAD91AF004025BB /* Classes */ = {
			isa = PBXGroup;
			children = (
				EF5463521AAD91AF004025BB /* NPSegmentedControl */,
			);
			path = Classes;
			sourceTree = "<group>";
		};
		EF5463521AAD91AF004025BB /* NPSegmentedControl */ = {
			isa = PBXGroup;
			children = (
				EF5463551AAD91D1004025BB /* NPSegmentedControl.swift */,
			);
			path = NPSegmentedControl;
			sourceTree = "<group>";
		};
/* End PBXGroup section */

/* Begin PBXNativeTarget section */
		EF54632B1AAD9040004025BB /* NPSegmentedControl */ = {
			isa = PBXNativeTarget;
			buildConfigurationList = EF54634B1AAD9040004025BB /* Build configuration list for PBXNativeTarget "NPSegmentedControl" */;
			buildPhases = (
				EF5463281AAD9040004025BB /* Sources */,
				EF5463291AAD9040004025BB /* Frameworks */,
				EF54632A1AAD9040004025BB /* Resources */,
			);
			buildRules = (
			);
			dependencies = (
			);
			name = NPSegmentedControl;
			productName = NPSegmentedControl;
			productReference = EF54632C1AAD9040004025BB /* NPSegmentedControl.app */;
			productType = "com.apple.product-type.application";
		};
		EF5463401AAD9040004025BB /* NPSegmentedControlTests */ = {
			isa = PBXNativeTarget;
			buildConfigurationList = EF54634E1AAD9040004025BB /* Build configuration list for PBXNativeTarget "NPSegmentedControlTests" */;
			buildPhases = (
				EF54633D1AAD9040004025BB /* Sources */,
				EF54633E1AAD9040004025BB /* Frameworks */,
				EF54633F1AAD9040004025BB /* Resources */,
			);
			buildRules = (
			);
			dependencies = (
				EF5463431AAD9040004025BB /* PBXTargetDependency */,
			);
			name = NPSegmentedControlTests;
			productName = NPSegmentedControlTests;
			productReference = EF5463411AAD9040004025BB /* NPSegmentedControlTests.xctest */;
			productType = "com.apple.product-type.bundle.unit-test";
		};
/* End PBXNativeTarget section */

/* Begin PBXProject section */
		EF5463241AAD9040004025BB /* Project object */ = {
			isa = PBXProject;
			attributes = {
				LastSwiftMigration = 0710;
				LastSwiftUpdateCheck = 0710;
				LastUpgradeCheck = 0710;
				ORGANIZATIONNAME = Neopixl;
				TargetAttributes = {
					EF54632B1AAD9040004025BB = {
						CreatedOnToolsVersion = 6.1.1;
					};
					EF5463401AAD9040004025BB = {
						CreatedOnToolsVersion = 6.1.1;
						TestTargetID = EF54632B1AAD9040004025BB;
					};
				};
			};
			buildConfigurationList = EF5463271AAD9040004025BB /* Build configuration list for PBXProject "NPSegmentedControl" */;
			compatibilityVersion = "Xcode 3.2";
			developmentRegion = English;
			hasScannedForEncodings = 0;
			knownRegions = (
				en,
				Base,
			);
			mainGroup = EF5463231AAD9040004025BB;
			productRefGroup = EF54632D1AAD9040004025BB /* Products */;
			projectDirPath = "";
			projectRoot = "";
			targets = (
				EF54632B1AAD9040004025BB /* NPSegmentedControl */,
				EF5463401AAD9040004025BB /* NPSegmentedControlTests */,
			);
		};
/* End PBXProject section */

/* Begin PBXResourcesBuildPhase section */
		EF54632A1AAD9040004025BB /* Resources */ = {
			isa = PBXResourcesBuildPhase;
			buildActionMask = 2147483647;
			files = (
				EF5463371AAD9040004025BB /* Main.storyboard in Resources */,
				EF54633C1AAD9040004025BB /* LaunchScreen.xib in Resources */,
				EF5463391AAD9040004025BB /* Images.xcassets in Resources */,
			);
			runOnlyForDeploymentPostprocessing = 0;
		};
		EF54633F1AAD9040004025BB /* Resources */ = {
			isa = PBXResourcesBuildPhase;
			buildActionMask = 2147483647;
			files = (
			);
			runOnlyForDeploymentPostprocessing = 0;
		};
/* End PBXResourcesBuildPhase section */

/* Begin PBXSourcesBuildPhase section */
		EF5463281AAD9040004025BB /* Sources */ = {
			isa = PBXSourcesBuildPhase;
			buildActionMask = 2147483647;
			files = (
				EF5463561AAD91D1004025BB /* NPSegmentedControl.swift in Sources */,
				EF5463341AAD9040004025BB /* ViewController.swift in Sources */,
				EF54635B1AAD952F004025BB /* README.md in Sources */,
				EF5463321AAD9040004025BB /* AppDelegate.swift in Sources */,
			);
			runOnlyForDeploymentPostprocessing = 0;
		};
		EF54633D1AAD9040004025BB /* Sources */ = {
			isa = PBXSourcesBuildPhase;
			buildActionMask = 2147483647;
			files = (
				EF5463481AAD9040004025BB /* NPSegmentedControlTests.swift in Sources */,
			);
			runOnlyForDeploymentPostprocessing = 0;
		};
/* End PBXSourcesBuildPhase section */

/* Begin PBXTargetDependency section */
		EF5463431AAD9040004025BB /* PBXTargetDependency */ = {
			isa = PBXTargetDependency;
			target = EF54632B1AAD9040004025BB /* NPSegmentedControl */;
			targetProxy = EF5463421AAD9040004025BB /* PBXContainerItemProxy */;
		};
/* End PBXTargetDependency section */

/* Begin PBXVariantGroup section */
		EF5463351AAD9040004025BB /* Main.storyboard */ = {
			isa = PBXVariantGroup;
			children = (
				EF5463361AAD9040004025BB /* Base */,
			);
			name = Main.storyboard;
			sourceTree = "<group>";
		};
		EF54633A1AAD9040004025BB /* LaunchScreen.xib */ = {
			isa = PBXVariantGroup;
			children = (
				EF54633B1AAD9040004025BB /* Base */,
			);
			name = LaunchScreen.xib;
			sourceTree = "<group>";
		};
/* End PBXVariantGroup section */

/* Begin XCBuildConfiguration section */
		EF5463491AAD9040004025BB /* Debug */ = {
			isa = XCBuildConfiguration;
			buildSettings = {
				ALWAYS_SEARCH_USER_PATHS = NO;
				CLANG_CXX_LANGUAGE_STANDARD = "gnu++0x";
				CLANG_CXX_LIBRARY = "libc++";
				CLANG_ENABLE_MODULES = YES;
				CLANG_ENABLE_OBJC_ARC = YES;
				CLANG_WARN_BOOL_CONVERSION = YES;
				CLANG_WARN_CONSTANT_CONVERSION = YES;
				CLANG_WARN_DIRECT_OBJC_ISA_USAGE = YES_ERROR;
				CLANG_WARN_EMPTY_BODY = YES;
				CLANG_WARN_ENUM_CONVERSION = YES;
				CLANG_WARN_INT_CONVERSION = YES;
				CLANG_WARN_OBJC_ROOT_CLASS = YES_ERROR;
				CLANG_WARN_UNREACHABLE_CODE = YES;
				CLANG_WARN__DUPLICATE_METHOD_MATCH = YES;
				"CODE_SIGN_IDENTITY[sdk=iphoneos*]" = "iPhone Developer";
				COPY_PHASE_STRIP = NO;
				ENABLE_STRICT_OBJC_MSGSEND = YES;
				ENABLE_TESTABILITY = YES;
				GCC_C_LANGUAGE_STANDARD = gnu99;
				GCC_DYNAMIC_NO_PIC = NO;
				GCC_OPTIMIZATION_LEVEL = 0;
				GCC_PREPROCESSOR_DEFINITIONS = (
					"DEBUG=1",
					"$(inherited)",
				);
				GCC_SYMBOLS_PRIVATE_EXTERN = NO;
				GCC_WARN_64_TO_32_BIT_CONVERSION = YES;
				GCC_WARN_ABOUT_RETURN_TYPE = YES_ERROR;
				GCC_WARN_UNDECLARED_SELECTOR = YES;
				GCC_WARN_UNINITIALIZED_AUTOS = YES_AGGRESSIVE;
				GCC_WARN_UNUSED_FUNCTION = YES;
				GCC_WARN_UNUSED_VARIABLE = YES;
				IPHONEOS_DEPLOYMENT_TARGET = 8.1;
				MTL_ENABLE_DEBUG_INFO = YES;
				ONLY_ACTIVE_ARCH = YES;
				SDKROOT = iphoneos;
				SWIFT_OPTIMIZATION_LEVEL = "-Onone";
			};
			name = Debug;
		};
		EF54634A1AAD9040004025BB /* Release */ = {
			isa = XCBuildConfiguration;
			buildSettings = {
				ALWAYS_SEARCH_USER_PATHS = NO;
				CLANG_CXX_LANGUAGE_STANDARD = "gnu++0x";
				CLANG_CXX_LIBRARY = "libc++";
				CLANG_ENABLE_MODULES = YES;
				CLANG_ENABLE_OBJC_ARC = YES;
				CLANG_WARN_BOOL_CONVERSION = YES;
				CLANG_WARN_CONSTANT_CONVERSION = YES;
				CLANG_WARN_DIRECT_OBJC_ISA_USAGE = YES_ERROR;
				CLANG_WARN_EMPTY_BODY = YES;
				CLANG_WARN_ENUM_CONVERSION = YES;
				CLANG_WARN_INT_CONVERSION = YES;
				CLANG_WARN_OBJC_ROOT_CLASS = YES_ERROR;
				CLANG_WARN_UNREACHABLE_CODE = YES;
				CLANG_WARN__DUPLICATE_METHOD_MATCH = YES;
				"CODE_SIGN_IDENTITY[sdk=iphoneos*]" = "iPhone Developer";
				COPY_PHASE_STRIP = YES;
				ENABLE_NS_ASSERTIONS = NO;
				ENABLE_STRICT_OBJC_MSGSEND = YES;
				GCC_C_LANGUAGE_STANDARD = gnu99;
				GCC_WARN_64_TO_32_BIT_CONVERSION = YES;
				GCC_WARN_ABOUT_RETURN_TYPE = YES_ERROR;
				GCC_WARN_UNDECLARED_SELECTOR = YES;
				GCC_WARN_UNINITIALIZED_AUTOS = YES_AGGRESSIVE;
				GCC_WARN_UNUSED_FUNCTION = YES;
				GCC_WARN_UNUSED_VARIABLE = YES;
				IPHONEOS_DEPLOYMENT_TARGET = 8.1;
				MTL_ENABLE_DEBUG_INFO = NO;
				SDKROOT = iphoneos;
				VALIDATE_PRODUCT = YES;
			};
			name = Release;
		};
		EF54634C1AAD9040004025BB /* Debug */ = {
			isa = XCBuildConfiguration;
			buildSettings = {
				ASSETCATALOG_COMPILER_APPICON_NAME = AppIcon;
				INFOPLIST_FILE = NPSegmentedControl/Info.plist;
				IPHONEOS_DEPLOYMENT_TARGET = 7.0;
				LD_RUNPATH_SEARCH_PATHS = "$(inherited) @executable_path/Frameworks";
				PRODUCT_BUNDLE_IDENTIFIER = "com.neopixl.$(PRODUCT_NAME:rfc1034identifier)";
				PRODUCT_NAME = "$(TARGET_NAME)";
			};
			name = Debug;
		};
		EF54634D1AAD9040004025BB /* Release */ = {
			isa = XCBuildConfiguration;
			buildSettings = {
				ASSETCATALOG_COMPILER_APPICON_NAME = AppIcon;
				INFOPLIST_FILE = NPSegmentedControl/Info.plist;
				IPHONEOS_DEPLOYMENT_TARGET = 7.0;
				LD_RUNPATH_SEARCH_PATHS = "$(inherited) @executable_path/Frameworks";
				PRODUCT_BUNDLE_IDENTIFIER = "com.neopixl.$(PRODUCT_NAME:rfc1034identifier)";
				PRODUCT_NAME = "$(TARGET_NAME)";
			};
			name = Release;
		};
		EF54634F1AAD9040004025BB /* Debug */ = {
			isa = XCBuildConfiguration;
			buildSettings = {
				BUNDLE_LOADER = "$(TEST_HOST)";
				FRAMEWORK_SEARCH_PATHS = (
					"$(SDKROOT)/Developer/Library/Frameworks",
					"$(inherited)",
				);
				GCC_PREPROCESSOR_DEFINITIONS = (
					"DEBUG=1",
					"$(inherited)",
				);
				INFOPLIST_FILE = NPSegmentedControlTests/Info.plist;
				LD_RUNPATH_SEARCH_PATHS = "$(inherited) @executable_path/Frameworks @loader_path/Frameworks";
				PRODUCT_BUNDLE_IDENTIFIER = "com.neopixl.$(PRODUCT_NAME:rfc1034identifier)";
				PRODUCT_NAME = "$(TARGET_NAME)";
				TEST_HOST = "$(BUILT_PRODUCTS_DIR)/NPSegmentedControl.app/NPSegmentedControl";
			};
			name = Debug;
		};
		EF5463501AAD9040004025BB /* Release */ = {
			isa = XCBuildConfiguration;
			buildSettings = {
				BUNDLE_LOADER = "$(TEST_HOST)";
				FRAMEWORK_SEARCH_PATHS = (
					"$(SDKROOT)/Developer/Library/Frameworks",
					"$(inherited)",
				);
				INFOPLIST_FILE = NPSegmentedControlTests/Info.plist;
				LD_RUNPATH_SEARCH_PATHS = "$(inherited) @executable_path/Frameworks @loader_path/Frameworks";
				PRODUCT_BUNDLE_IDENTIFIER = "com.neopixl.$(PRODUCT_NAME:rfc1034identifier)";
				PRODUCT_NAME = "$(TARGET_NAME)";
				TEST_HOST = "$(BUILT_PRODUCTS_DIR)/NPSegmentedControl.app/NPSegmentedControl";
			};
			name = Release;
		};
/* End XCBuildConfiguration section */

/* Begin XCConfigurationList section */
		EF5463271AAD9040004025BB /* Build configuration list for PBXProject "NPSegmentedControl" */ = {
			isa = XCConfigurationList;
			buildConfigurations = (
				EF5463491AAD9040004025BB /* Debug */,
				EF54634A1AAD9040004025BB /* Release */,
			);
			defaultConfigurationIsVisible = 0;
			defaultConfigurationName = Release;
		};
		EF54634B1AAD9040004025BB /* Build configuration list for PBXNativeTarget "NPSegmentedControl" */ = {
			isa = XCConfigurationList;
			buildConfigurations = (
				EF54634C1AAD9040004025BB /* Debug */,
				EF54634D1AAD9040004025BB /* Release */,
			);
			defaultConfigurationIsVisible = 0;
			defaultConfigurationName = Release;
		};
		EF54634E1AAD9040004025BB /* Build configuration list for PBXNativeTarget "NPSegmentedControlTests" */ = {
			isa = XCConfigurationList;
			buildConfigurations = (
				EF54634F1AAD9040004025BB /* Debug */,
				EF5463501AAD9040004025BB /* Release */,
			);
			defaultConfigurationIsVisible = 0;
			defaultConfigurationName = Release;
		};
/* End XCConfigurationList section */
	};
	rootObject = EF5463241AAD9040004025BB /* Project object */;
}
